
Microsoft Visual Studio Solution File, Format Version 12.00
# Visual Studio Version 17
VisualStudioVersion = 17.3.32929.385
MinimumVisualStudioVersion = 10.0.40219.1
Project("{9A19103F-16F7-4668-BE54-9A1E7A4F7556}") = "WatchECommerce", "WatchECommerce\WatchECommerce.csproj", "{F99041F1-D872-4B6C-AB5F-2E594ED04632}"
EndProject
Project("{9A19103F-16F7-4668-BE54-9A1E7A4F7556}") = "Watch.DAL", "Watch.DAL\Watch.DAL.csproj", "{9EE7FC3A-6B7E-48BF-A17E-28D8039A80E8}"
EndProject
Project("{9A19103F-16F7-4668-BE54-9A1E7A4F7556}") = "Watch.BLL", "Watch.BLL\Watch.BLL.csproj", "{BC447437-43F3-4215-BF2B-AA16F363E586}"
EndProject
Project("{FAE04EC0-301F-11D3-BF4B-00C04F79EFBC}") = "Watch.Core", "Watch.Core\Watch.Core.csproj", "{876D7344-5C01-42C9-9EC1-CA60297A8798}"
EndProject
Global
	GlobalSection(SolutionConfigurationPlatforms) = preSolution
		Debug|Any CPU = Debug|Any CPU
		Release|Any CPU = Release|Any CPU
	EndGlobalSection
	GlobalSection(ProjectConfigurationPlatforms) = postSolution
		{F99041F1-D872-4B6C-AB5F-2E594ED04632}.Debug|Any CPU.ActiveCfg = Debug|Any CPU
		{F99041F1-D872-4B6C-AB5F-2E594ED04632}.Debug|Any CPU.Build.0 = Debug|Any CPU
		{F99041F1-D872-4B6C-AB5F-2E594ED04632}.Release|Any CPU.ActiveCfg = Release|Any CPU
		{F99041F1-D872-4B6C-AB5F-2E594ED04632}.Release|Any CPU.Build.0 = Release|Any CPU
		{9EE7FC3A-6B7E-48BF-A17E-28D8039A80E8}.Debug|Any CPU.ActiveCfg = Debug|Any CPU
		{9EE7FC3A-6B7E-48BF-A17E-28D8039A80E8}.Debug|Any CPU.Build.0 = Debug|Any CPU
		{9EE7FC3A-6B7E-48BF-A17E-28D8039A80E8}.Release|Any CPU.ActiveCfg = Release|Any CPU
		{9EE7FC3A-6B7E-48BF-A17E-28D8039A80E8}.Release|Any CPU.Build.0 = Release|Any CPU
		{BC447437-43F3-4215-BF2B-AA16F363E586}.Debug|Any CPU.ActiveCfg = Debug|Any CPU
		{BC447437-43F3-4215-BF2B-AA16F363E586}.Debug|Any CPU.Build.0 = Debug|Any CPU
		{BC447437-43F3-4215-BF2B-AA16F363E586}.Release|Any CPU.ActiveCfg = Release|Any CPU
		{BC447437-43F3-4215-BF2B-AA16F363E586}.Release|Any CPU.Build.0 = Release|Any CPU
		{876D7344-5C01-42C9-9EC1-CA60297A8798}.Debug|Any CPU.ActiveCfg = Debug|Any CPU
		{876D7344-5C01-42C9-9EC1-CA60297A8798}.Debug|Any CPU.Build.0 = Debug|Any CPU
		{876D7344-5C01-42C9-9EC1-CA60297A8798}.Release|Any CPU.ActiveCfg = Release|Any CPU
		{876D7344-5C01-42C9-9EC1-CA60297A8798}.Release|Any CPU.Build.0 = Release|Any CPU
	EndGlobalSection
	GlobalSection(SolutionProperties) = preSolution
		HideSolutionNode = FALSE
	EndGlobalSection
	GlobalSection(ExtensibilityGlobals) = postSolution
		SolutionGuid = {B1912F3C-DE8E-4808-94A0-76A70056A992}
	EndGlobalSection
EndGlobal
